
Microsoft Visual Studio Solution File, Format Version 12.00
# Visual Studio Version 17
VisualStudioVersion = 17.8.34309.116
MinimumVisualStudioVersion = 10.0.40219.1
Project("{FAE04EC0-301F-11D3-BF4B-00C04F79EFBC}") = "SpreadOnline", "SpreadOnline.csproj", "{0F7E1526-D568-40DD-BF20-F9787FAA7C9D}"
EndProject
Global
	GlobalSection(SolutionConfigurationPlatforms) = preSolution
		Debug|Any CPU = Debug|Any CPU
		Release|Any CPU = Release|Any CPU
	EndGlobalSection
	GlobalSection(ProjectConfigurationPlatforms) = postSolution
		{0F7E1526-D568-40DD-BF20-F9787FAA7C9D}.Debug|Any CPU.ActiveCfg = Debug|Any CPU
		{0F7E1526-D568-40DD-BF20-F9787FAA7C9D}.Debug|Any CPU.Build.0 = Debug|Any CPU
		{0F7E1526-D568-40DD-BF20-F9787FAA7C9D}.Release|Any CPU.ActiveCfg = Release|Any CPU
		{0F7E1526-D568-40DD-BF20-F9787FAA7C9D}.Release|Any CPU.Build.0 = Release|Any CPU
	EndGlobalSection
	GlobalSection(SolutionProperties) = preSolution
		HideSolutionNode = FALSE
	EndGlobalSection
	GlobalSection(ExtensibilityGlobals) = postSolution
		SolutionGuid = {08CD8395-714B-4241-B484-F20EA8BDBCE4}
	EndGlobalSection
EndGlobal
